// !$*UTF8*$!
{
	archiveVersion = 1;
	classes = {
	};
	objectVersion = 46;
	objects = {

/* Begin PBXBuildFile section */
		4917ED831C0355F800BA28C7 /* grid.png in Resources */ = {isa = PBXBuildFile; fileRef = 4917ED821C0355F800BA28C7 /* grid.png */; };
		D86FDBF81BFD68E4008E36EC /* main.m in Sources */ = {isa = PBXBuildFile; fileRef = D86FDBF71BFD68E4008E36EC /* main.m */; };
		D86FDBFB1BFD68E4008E36EC /* AppDelegate.m in Sources */ = {isa = PBXBuildFile; fileRef = D86FDBFA1BFD68E4008E36EC /* AppDelegate.m */; };
		D86FDBFE1BFD68E4008E36EC /* ViewController.m in Sources */ = {isa = PBXBuildFile; fileRef = D86FDBFD1BFD68E4008E36EC /* ViewController.m */; };
		D86FDC011BFD68E4008E36EC /* Main.storyboard in Resources */ = {isa = PBXBuildFile; fileRef = D86FDBFF1BFD68E4008E36EC /* Main.storyboard */; };
		D86FDC031BFD68E4008E36EC /* Assets.xcassets in Resources */ = {isa = PBXBuildFile; fileRef = D86FDC021BFD68E4008E36EC /* Assets.xcassets */; };
		D86FDC061BFD68E4008E36EC /* LaunchScreen.storyboard in Resources */ = {isa = PBXBuildFile; fileRef = D86FDC041BFD68E4008E36EC /* LaunchScreen.storyboard */; };
		D86FDC0E1BFD71F4008E36EC /* aodamiao.png in Resources */ = {isa = PBXBuildFile; fileRef = D86FDC0D1BFD71F4008E36EC /* aodamiao.png */; };
		D86FDC401BFDCF55008E36EC /* GLKit.framework in Frameworks */ = {isa = PBXBuildFile; fileRef = D86FDC3F1BFDCF55008E36EC /* GLKit.framework */; };
		D86FDC421BFDD05F008E36EC /* OpenGLES.framework in Frameworks */ = {isa = PBXBuildFile; fileRef = D86FDC411BFDD05F008E36EC /* OpenGLES.framework */; };
		D86FDC451BFEB3BE008E36EC /* OpenGLViewController.m in Sources */ = {isa = PBXBuildFile; fileRef = D86FDC441BFEB3BE008E36EC /* OpenGLViewController.m */; };
		D86FDC481BFEED65008E36EC /* AGLKView.m in Sources */ = {isa = PBXBuildFile; fileRef = D86FDC471BFEED65008E36EC /* AGLKView.m */; };
		D86FDC4B1BFF18AA008E36EC /* AGLContext.m in Sources */ = {isa = PBXBuildFile; fileRef = D86FDC4A1BFF18AA008E36EC /* AGLContext.m */; };
		D86FDC4E1BFF1C0C008E36EC /* AGLKVertexAttribArrayBuffer.m in Sources */ = {isa = PBXBuildFile; fileRef = D86FDC4D1BFF1C0C008E36EC /* AGLKVertexAttribArrayBuffer.m */; };
		D86FDC511C02A3D8008E36EC /* TextureViewController.m in Sources */ = {isa = PBXBuildFile; fileRef = D86FDC501C02A3D8008E36EC /* TextureViewController.m */; };
		D86FDC531C02A7CF008E36EC /* leaves.gif in Resources */ = {isa = PBXBuildFile; fileRef = D86FDC521C02A7CF008E36EC /* leaves.gif */; };
		D86FDC591C02F97E008E36EC /* TextureChangedViewController.m in Sources */ = {isa = PBXBuildFile; fileRef = D86FDC581C02F97E008E36EC /* TextureChangedViewController.m */; };
		D86FDC5C1C03FCCC008E36EC /* MixTextureViewController.m in Sources */ = {isa = PBXBuildFile; fileRef = D86FDC5B1C03FCCC008E36EC /* MixTextureViewController.m */; };
		D86FDC5E1C03FE92008E36EC /* beetle.png in Resources */ = {isa = PBXBuildFile; fileRef = D86FDC5D1C03FE92008E36EC /* beetle.png */; };
		D86FDC611C045A11008E36EC /* MixTextureByLevelViewController.m in Sources */ = {isa = PBXBuildFile; fileRef = D86FDC601C045A11008E36EC /* MixTextureByLevelViewController.m */; };
		D86FDC631C0565AD008E36EC /* 1_AXIAL0.png in Resources */ = {isa = PBXBuildFile; fileRef = D86FDC621C0565AD008E36EC /* 1_AXIAL0.png */; };
		D86FDC6A1C05923F008E36EC /* AGLKTextureLoader.m in Sources */ = {isa = PBXBuildFile; fileRef = D86FDC691C05923F008E36EC /* AGLKTextureLoader.m */; };
		D86FDC6E1C0598E1008E36EC /* Shader.fsh in Resources */ = {isa = PBXBuildFile; fileRef = D86FDC6C1C0598E1008E36EC /* Shader.fsh */; };
		D86FDC6F1C0598E1008E36EC /* Shader.vsh in Resources */ = {isa = PBXBuildFile; fileRef = D86FDC6D1C0598E1008E36EC /* Shader.vsh */; };
/* End PBXBuildFile section */

/* Begin PBXFileReference section */
		4917ED821C0355F800BA28C7 /* grid.png */ = {isa = PBXFileReference; lastKnownFileType = image.png; path = grid.png; sourceTree = "<group>"; };
		D86FDBF31BFD68E3008E36EC /* PictureFold.app */ = {isa = PBXFileReference; explicitFileType = wrapper.application; includeInIndex = 0; path = PictureFold.app; sourceTree = BUILT_PRODUCTS_DIR; };
		D86FDBF71BFD68E4008E36EC /* main.m */ = {isa = PBXFileReference; lastKnownFileType = sourcecode.c.objc; path = main.m; sourceTree = "<group>"; };
		D86FDBF91BFD68E4008E36EC /* AppDelegate.h */ = {isa = PBXFileReference; lastKnownFileType = sourcecode.c.h; path = AppDelegate.h; sourceTree = "<group>"; };
		D86FDBFA1BFD68E4008E36EC /* AppDelegate.m */ = {isa = PBXFileReference; lastKnownFileType = sourcecode.c.objc; path = AppDelegate.m; sourceTree = "<group>"; };
		D86FDBFC1BFD68E4008E36EC /* ViewController.h */ = {isa = PBXFileReference; lastKnownFileType = sourcecode.c.h; path = ViewController.h; sourceTree = "<group>"; };
		D86FDBFD1BFD68E4008E36EC /* ViewController.m */ = {isa = PBXFileReference; lastKnownFileType = sourcecode.c.objc; path = ViewController.m; sourceTree = "<group>"; };
		D86FDC001BFD68E4008E36EC /* Base */ = {isa = PBXFileReference; lastKnownFileType = file.storyboard; name = Base; path = Base.lproj/Main.storyboard; sourceTree = "<group>"; };
		D86FDC021BFD68E4008E36EC /* Assets.xcassets */ = {isa = PBXFileReference; lastKnownFileType = folder.assetcatalog; path = Assets.xcassets; sourceTree = "<group>"; };
		D86FDC051BFD68E4008E36EC /* Base */ = {isa = PBXFileReference; lastKnownFileType = file.storyboard; name = Base; path = Base.lproj/LaunchScreen.storyboard; sourceTree = "<group>"; };
		D86FDC071BFD68E4008E36EC /* Info.plist */ = {isa = PBXFileReference; lastKnownFileType = text.plist.xml; path = Info.plist; sourceTree = "<group>"; };
		D86FDC0D1BFD71F4008E36EC /* aodamiao.png */ = {isa = PBXFileReference; lastKnownFileType = image.png; path = aodamiao.png; sourceTree = "<group>"; };
		D86FDC3F1BFDCF55008E36EC /* GLKit.framework */ = {isa = PBXFileReference; lastKnownFileType = wrapper.framework; name = GLKit.framework; path = System/Library/Frameworks/GLKit.framework; sourceTree = SDKROOT; };
		D86FDC411BFDD05F008E36EC /* OpenGLES.framework */ = {isa = PBXFileReference; lastKnownFileType = wrapper.framework; name = OpenGLES.framework; path = System/Library/Frameworks/OpenGLES.framework; sourceTree = SDKROOT; };
		D86FDC431BFEB3BE008E36EC /* OpenGLViewController.h */ = {isa = PBXFileReference; fileEncoding = 4; lastKnownFileType = sourcecode.c.h; path = OpenGLViewController.h; sourceTree = "<group>"; };
		D86FDC441BFEB3BE008E36EC /* OpenGLViewController.m */ = {isa = PBXFileReference; fileEncoding = 4; lastKnownFileType = sourcecode.c.objc; path = OpenGLViewController.m; sourceTree = "<group>"; };
		D86FDC461BFEED65008E36EC /* AGLKView.h */ = {isa = PBXFileReference; fileEncoding = 4; lastKnownFileType = sourcecode.c.h; path = AGLKView.h; sourceTree = "<group>"; };
		D86FDC471BFEED65008E36EC /* AGLKView.m */ = {isa = PBXFileReference; fileEncoding = 4; lastKnownFileType = sourcecode.c.objc; path = AGLKView.m; sourceTree = "<group>"; };
		D86FDC491BFF18AA008E36EC /* AGLContext.h */ = {isa = PBXFileReference; fileEncoding = 4; lastKnownFileType = sourcecode.c.h; path = AGLContext.h; sourceTree = "<group>"; };
		D86FDC4A1BFF18AA008E36EC /* AGLContext.m */ = {isa = PBXFileReference; fileEncoding = 4; lastKnownFileType = sourcecode.c.objc; path = AGLContext.m; sourceTree = "<group>"; };
		D86FDC4C1BFF1C0C008E36EC /* AGLKVertexAttribArrayBuffer.h */ = {isa = PBXFileReference; fileEncoding = 4; lastKnownFileType = sourcecode.c.h; path = AGLKVertexAttribArrayBuffer.h; sourceTree = "<group>"; };
		D86FDC4D1BFF1C0C008E36EC /* AGLKVertexAttribArrayBuffer.m */ = {isa = PBXFileReference; fileEncoding = 4; lastKnownFileType = sourcecode.c.objc; path = AGLKVertexAttribArrayBuffer.m; sourceTree = "<group>"; };
		D86FDC4F1C02A3D8008E36EC /* TextureViewController.h */ = {isa = PBXFileReference; fileEncoding = 4; lastKnownFileType = sourcecode.c.h; path = TextureViewController.h; sourceTree = "<group>"; };
		D86FDC501C02A3D8008E36EC /* TextureViewController.m */ = {isa = PBXFileReference; fileEncoding = 4; lastKnownFileType = sourcecode.c.objc; path = TextureViewController.m; sourceTree = "<group>"; };
		D86FDC521C02A7CF008E36EC /* leaves.gif */ = {isa = PBXFileReference; lastKnownFileType = image.gif; path = leaves.gif; sourceTree = "<group>"; };
		D86FDC541C02E22E008E36EC /* AGLKTextureInfo.h */ = {isa = PBXFileReference; fileEncoding = 4; lastKnownFileType = sourcecode.c.h; path = AGLKTextureInfo.h; sourceTree = "<group>"; };
		D86FDC551C02E22E008E36EC /* AGLKTextureInfo.m */ = {isa = PBXFileReference; fileEncoding = 4; lastKnownFileType = sourcecode.c.objc; path = AGLKTextureInfo.m; sourceTree = "<group>"; };
		D86FDC571C02F97E008E36EC /* TextureChangedViewController.h */ = {isa = PBXFileReference; fileEncoding = 4; lastKnownFileType = sourcecode.c.h; path = TextureChangedViewController.h; sourceTree = "<group>"; };
		D86FDC581C02F97E008E36EC /* TextureChangedViewController.m */ = {isa = PBXFileReference; fileEncoding = 4; lastKnownFileType = sourcecode.c.objc; path = TextureChangedViewController.m; sourceTree = "<group>"; };
		D86FDC5A1C03FCCC008E36EC /* MixTextureViewController.h */ = {isa = PBXFileReference; fileEncoding = 4; lastKnownFileType = sourcecode.c.h; path = MixTextureViewController.h; sourceTree = "<group>"; };
		D86FDC5B1C03FCCC008E36EC /* MixTextureViewController.m */ = {isa = PBXFileReference; fileEncoding = 4; lastKnownFileType = sourcecode.c.objc; path = MixTextureViewController.m; sourceTree = "<group>"; };
		D86FDC5D1C03FE92008E36EC /* beetle.png */ = {isa = PBXFileReference; lastKnownFileType = image.png; path = beetle.png; sourceTree = "<group>"; };
		D86FDC5F1C045A11008E36EC /* MixTextureByLevelViewController.h */ = {isa = PBXFileReference; fileEncoding = 4; lastKnownFileType = sourcecode.c.h; path = MixTextureByLevelViewController.h; sourceTree = "<group>"; };
		D86FDC601C045A11008E36EC /* MixTextureByLevelViewController.m */ = {isa = PBXFileReference; fileEncoding = 4; lastKnownFileType = sourcecode.c.objc; path = MixTextureByLevelViewController.m; sourceTree = "<group>"; };
		D86FDC621C0565AD008E36EC /* 1_AXIAL0.png */ = {isa = PBXFileReference; lastKnownFileType = image.png; path = 1_AXIAL0.png; sourceTree = "<group>"; };
		D86FDC681C05923F008E36EC /* AGLKTextureLoader.h */ = {isa = PBXFileReference; fileEncoding = 4; lastKnownFileType = sourcecode.c.h; path = AGLKTextureLoader.h; sourceTree = "<group>"; };
		D86FDC691C05923F008E36EC /* AGLKTextureLoader.m */ = {isa = PBXFileReference; fileEncoding = 4; lastKnownFileType = sourcecode.c.objc; path = AGLKTextureLoader.m; sourceTree = "<group>"; };
		D86FDC6C1C0598E1008E36EC /* Shader.fsh */ = {isa = PBXFileReference; fileEncoding = 4; lastKnownFileType = sourcecode.glsl; path = Shader.fsh; sourceTree = "<group>"; };
		D86FDC6D1C0598E1008E36EC /* Shader.vsh */ = {isa = PBXFileReference; fileEncoding = 4; lastKnownFileType = sourcecode.glsl; path = Shader.vsh; sourceTree = "<group>"; };
/* End PBXFileReference section */

/* Begin PBXFrameworksBuildPhase section */
		D86FDBF01BFD68E3008E36EC /* Frameworks */ = {
			isa = PBXFrameworksBuildPhase;
			buildActionMask = 2147483647;
			files = (
				D86FDC421BFDD05F008E36EC /* OpenGLES.framework in Frameworks */,
				D86FDC401BFDCF55008E36EC /* GLKit.framework in Frameworks */,
			);
			runOnlyForDeploymentPostprocessing = 0;
		};
/* End PBXFrameworksBuildPhase section */

/* Begin PBXGroup section */
		D86FDBEA1BFD68E3008E36EC = {
			isa = PBXGroup;
			children = (
				D86FDBF51BFD68E4008E36EC /* PictureFold */,
				D86FDBF41BFD68E4008E36EC /* Products */,
			);
			sourceTree = "<group>";
		};
		D86FDBF41BFD68E4008E36EC /* Products */ = {
			isa = PBXGroup;
			children = (
				D86FDBF31BFD68E3008E36EC /* PictureFold.app */,
			);
			name = Products;
			sourceTree = "<group>";
		};
		D86FDBF51BFD68E4008E36EC /* PictureFold */ = {
			isa = PBXGroup;
			children = (
				D86FDBF91BFD68E4008E36EC /* AppDelegate.h */,
				D86FDBFA1BFD68E4008E36EC /* AppDelegate.m */,
				D86FDBFC1BFD68E4008E36EC /* ViewController.h */,
				D86FDBFD1BFD68E4008E36EC /* ViewController.m */,
				D86FDBFF1BFD68E4008E36EC /* Main.storyboard */,
				D86FDC431BFEB3BE008E36EC /* OpenGLViewController.h */,
				D86FDC441BFEB3BE008E36EC /* OpenGLViewController.m */,
				D86FDC4F1C02A3D8008E36EC /* TextureViewController.h */,
				D86FDC501C02A3D8008E36EC /* TextureViewController.m */,
				D86FDC571C02F97E008E36EC /* TextureChangedViewController.h */,
				D86FDC581C02F97E008E36EC /* TextureChangedViewController.m */,
				D86FDC5A1C03FCCC008E36EC /* MixTextureViewController.h */,
				D86FDC5B1C03FCCC008E36EC /* MixTextureViewController.m */,
				D86FDC5F1C045A11008E36EC /* MixTextureByLevelViewController.h */,
				D86FDC601C045A11008E36EC /* MixTextureByLevelViewController.m */,
				D86FDC681C05923F008E36EC /* AGLKTextureLoader.h */,
				D86FDC691C05923F008E36EC /* AGLKTextureLoader.m */,
				D86FDC541C02E22E008E36EC /* AGLKTextureInfo.h */,
				D86FDC551C02E22E008E36EC /* AGLKTextureInfo.m */,
				D86FDC491BFF18AA008E36EC /* AGLContext.h */,
				D86FDC4A1BFF18AA008E36EC /* AGLContext.m */,
				D86FDC4C1BFF1C0C008E36EC /* AGLKVertexAttribArrayBuffer.h */,
				D86FDC4D1BFF1C0C008E36EC /* AGLKVertexAttribArrayBuffer.m */,
				D86FDC461BFEED65008E36EC /* AGLKView.h */,
				D86FDC471BFEED65008E36EC /* AGLKView.m */,
				D86FDC6B1C0598E1008E36EC /* Shaders */,
				D86FDBF61BFD68E4008E36EC /* Supporting Files */,
			);
			path = PictureFold;
			sourceTree = "<group>";
		};
		D86FDBF61BFD68E4008E36EC /* Supporting Files */ = {
			isa = PBXGroup;
			children = (
				D86FDC621C0565AD008E36EC /* 1_AXIAL0.png */,
				D86FDC5D1C03FE92008E36EC /* beetle.png */,
				4917ED821C0355F800BA28C7 /* grid.png */,
				D86FDC0D1BFD71F4008E36EC /* aodamiao.png */,
				D86FDC521C02A7CF008E36EC /* leaves.gif */,
				D86FDC021BFD68E4008E36EC /* Assets.xcassets */,
				D86FDC041BFD68E4008E36EC /* LaunchScreen.storyboard */,
				D86FDC071BFD68E4008E36EC /* Info.plist */,
				D86FDBF71BFD68E4008E36EC /* main.m */,
				D86FDC411BFDD05F008E36EC /* OpenGLES.framework */,
				D86FDC3F1BFDCF55008E36EC /* GLKit.framework */,
			);
			name = "Supporting Files";
			sourceTree = "<group>";
		};
		D86FDC6B1C0598E1008E36EC /* Shaders */ = {
			isa = PBXGroup;
			children = (
				D86FDC6C1C0598E1008E36EC /* Shader.fsh */,
				D86FDC6D1C0598E1008E36EC /* Shader.vsh */,
			);
			path = Shaders;
			sourceTree = "<group>";
		};
/* End PBXGroup section */

/* Begin PBXNativeTarget section */
		D86FDBF21BFD68E3008E36EC /* PictureFold */ = {
			isa = PBXNativeTarget;
			buildConfigurationList = D86FDC0A1BFD68E4008E36EC /* Build configuration list for PBXNativeTarget "PictureFold" */;
			buildPhases = (
				D86FDBEF1BFD68E3008E36EC /* Sources */,
				D86FDBF01BFD68E3008E36EC /* Frameworks */,
				D86FDBF11BFD68E3008E36EC /* Resources */,
			);
			buildRules = (
			);
			dependencies = (
			);
			name = PictureFold;
			productName = PictureFold;
			productReference = D86FDBF31BFD68E3008E36EC /* PictureFold.app */;
			productType = "com.apple.product-type.application";
		};
/* End PBXNativeTarget section */

/* Begin PBXProject section */
		D86FDBEB1BFD68E3008E36EC /* Project object */ = {
			isa = PBXProject;
			attributes = {
				LastUpgradeCheck = 0710;
				ORGANIZATIONNAME = "齐建琼";
				TargetAttributes = {
					D86FDBF21BFD68E3008E36EC = {
						CreatedOnToolsVersion = 7.1;
						DevelopmentTeam = YZ2L42YQ8T;
					};
				};
			};
			buildConfigurationList = D86FDBEE1BFD68E3008E36EC /* Build configuration list for PBXProject "PictureFold" */;
			compatibilityVersion = "Xcode 3.2";
			developmentRegion = English;
			hasScannedForEncodings = 0;
			knownRegions = (
				en,
				Base,
			);
			mainGroup = D86FDBEA1BFD68E3008E36EC;
			productRefGroup = D86FDBF41BFD68E4008E36EC /* Products */;
			projectDirPath = "";
			projectRoot = "";
			targets = (
				D86FDBF21BFD68E3008E36EC /* PictureFold */,
			);
		};
/* End PBXProject section */

/* Begin PBXResourcesBuildPhase section */
		D86FDBF11BFD68E3008E36EC /* Resources */ = {
			isa = PBXResourcesBuildPhase;
			buildActionMask = 2147483647;
			files = (
				D86FDC6E1C0598E1008E36EC /* Shader.fsh in Resources */,
				D86FDC061BFD68E4008E36EC /* LaunchScreen.storyboard in Resources */,
				D86FDC5E1C03FE92008E36EC /* beetle.png in Resources */,
				D86FDC531C02A7CF008E36EC /* leaves.gif in Resources */,
				D86FDC6F1C0598E1008E36EC /* Shader.vsh in Resources */,
				D86FDC0E1BFD71F4008E36EC /* aodamiao.png in Resources */,
				D86FDC031BFD68E4008E36EC /* Assets.xcassets in Resources */,
				D86FDC011BFD68E4008E36EC /* Main.storyboard in Resources */,
				D86FDC631C0565AD008E36EC /* 1_AXIAL0.png in Resources */,
				4917ED831C0355F800BA28C7 /* grid.png in Resources */,
			);
			runOnlyForDeploymentPostprocessing = 0;
		};
/* End PBXResourcesBuildPhase section */

/* Begin PBXSourcesBuildPhase section */
		D86FDBEF1BFD68E3008E36EC /* Sources */ = {
			isa = PBXSourcesBuildPhase;
			buildActionMask = 2147483647;
			files = (
				D86FDC5C1C03FCCC008E36EC /* MixTextureViewController.m in Sources */,
				D86FDC481BFEED65008E36EC /* AGLKView.m in Sources */,
				D86FDBFE1BFD68E4008E36EC /* ViewController.m in Sources */,
				D86FDC511C02A3D8008E36EC /* TextureViewController.m in Sources */,
				D86FDC6A1C05923F008E36EC /* AGLKTextureLoader.m in Sources */,
				D86FDC451BFEB3BE008E36EC /* OpenGLViewController.m in Sources */,
				D86FDBFB1BFD68E4008E36EC /* AppDelegate.m in Sources */,
				D86FDC611C045A11008E36EC /* MixTextureByLevelViewController.m in Sources */,
				D86FDC4B1BFF18AA008E36EC /* AGLContext.m in Sources */,
				D86FDBF81BFD68E4008E36EC /* main.m in Sources */,
				D86FDC4E1BFF1C0C008E36EC /* AGLKVertexAttribArrayBuffer.m in Sources */,
				D86FDC591C02F97E008E36EC /* TextureChangedViewController.m in Sources */,
			);
			runOnlyForDeploymentPostprocessing = 0;
		};
/* End PBXSourcesBuildPhase section */

/* Begin PBXVariantGroup section */
		D86FDBFF1BFD68E4008E36EC /* Main.storyboard */ = {
			isa = PBXVariantGroup;
			children = (
				D86FDC001BFD68E4008E36EC /* Base */,
			);
			name = Main.storyboard;
			sourceTree = "<group>";
		};
		D86FDC041BFD68E4008E36EC /* LaunchScreen.storyboard */ = {
			isa = PBXVariantGroup;
			children = (
				D86FDC051BFD68E4008E36EC /* Base */,
			);
			name = LaunchScreen.storyboard;
			sourceTree = "<group>";
		};
/* End PBXVariantGroup section */

/* Begin XCBuildConfiguration section */
		D86FDC081BFD68E4008E36EC /* Debug */ = {
			isa = XCBuildConfiguration;
			buildSettings = {
				ALWAYS_SEARCH_USER_PATHS = NO;
				CLANG_CXX_LANGUAGE_STANDARD = "gnu++0x";
				CLANG_CXX_LIBRARY = "libc++";
				CLANG_ENABLE_MODULES = YES;
				CLANG_ENABLE_OBJC_ARC = YES;
				CLANG_WARN_BOOL_CONVERSION = YES;
				CLANG_WARN_CONSTANT_CONVERSION = YES;
				CLANG_WARN_DIRECT_OBJC_ISA_USAGE = YES_ERROR;
				CLANG_WARN_EMPTY_BODY = YES;
				CLANG_WARN_ENUM_CONVERSION = YES;
				CLANG_WARN_INT_CONVERSION = YES;
				CLANG_WARN_OBJC_ROOT_CLASS = YES_ERROR;
				CLANG_WARN_UNREACHABLE_CODE = YES;
				CLANG_WARN__DUPLICATE_METHOD_MATCH = YES;
				"CODE_SIGN_IDENTITY[sdk=iphoneos*]" = "iPhone Developer";
				COPY_PHASE_STRIP = NO;
				DEBUG_INFORMATION_FORMAT = dwarf;
				ENABLE_STRICT_OBJC_MSGSEND = YES;
				ENABLE_TESTABILITY = YES;
				GCC_C_LANGUAGE_STANDARD = gnu99;
				GCC_DYNAMIC_NO_PIC = NO;
				GCC_NO_COMMON_BLOCKS = YES;
				GCC_OPTIMIZATION_LEVEL = 0;
				GCC_PREPROCESSOR_DEFINITIONS = (
					"DEBUG=1",
					"$(inherited)",
				);
				GCC_WARN_64_TO_32_BIT_CONVERSION = YES;
				GCC_WARN_ABOUT_RETURN_TYPE = YES_ERROR;
				GCC_WARN_UNDECLARED_SELECTOR = YES;
				GCC_WARN_UNINITIALIZED_AUTOS = YES_AGGRESSIVE;
				GCC_WARN_UNUSED_FUNCTION = YES;
				GCC_WARN_UNUSED_VARIABLE = YES;
				IPHONEOS_DEPLOYMENT_TARGET = 9.1;
				MTL_ENABLE_DEBUG_INFO = YES;
				ONLY_ACTIVE_ARCH = YES;
				SDKROOT = iphoneos;
			};
			name = Debug;
		};
		D86FDC091BFD68E4008E36EC /* Release */ = {
			isa = XCBuildConfiguration;
			buildSettings = {
				ALWAYS_SEARCH_USER_PATHS = NO;
				CLANG_CXX_LANGUAGE_STANDARD = "gnu++0x";
				CLANG_CXX_LIBRARY = "libc++";
				CLANG_ENABLE_MODULES = YES;
				CLANG_ENABLE_OBJC_ARC = YES;
				CLANG_WARN_BOOL_CONVERSION = YES;
				CLANG_WARN_CONSTANT_CONVERSION = YES;
				CLANG_WARN_DIRECT_OBJC_ISA_USAGE = YES_ERROR;
				CLANG_WARN_EMPTY_BODY = YES;
				CLANG_WARN_ENUM_CONVERSION = YES;
				CLANG_WARN_INT_CONVERSION = YES;
				CLANG_WARN_OBJC_ROOT_CLASS = YES_ERROR;
				CLANG_WARN_UNREACHABLE_CODE = YES;
				CLANG_WARN__DUPLICATE_METHOD_MATCH = YES;
				"CODE_SIGN_IDENTITY[sdk=iphoneos*]" = "iPhone Developer";
				COPY_PHASE_STRIP = NO;
				DEBUG_INFORMATION_FORMAT = "dwarf-with-dsym";
				ENABLE_NS_ASSERTIONS = NO;
				ENABLE_STRICT_OBJC_MSGSEND = YES;
				GCC_C_LANGUAGE_STANDARD = gnu99;
				GCC_NO_COMMON_BLOCKS = YES;
				GCC_WARN_64_TO_32_BIT_CONVERSION = YES;
				GCC_WARN_ABOUT_RETURN_TYPE = YES_ERROR;
				GCC_WARN_UNDECLARED_SELECTOR = YES;
				GCC_WARN_UNINITIALIZED_AUTOS = YES_AGGRESSIVE;
				GCC_WARN_UNUSED_FUNCTION = YES;
				GCC_WARN_UNUSED_VARIABLE = YES;
				IPHONEOS_DEPLOYMENT_TARGET = 9.1;
				MTL_ENABLE_DEBUG_INFO = NO;
				SDKROOT = iphoneos;
				VALIDATE_PRODUCT = YES;
			};
			name = Release;
		};
		D86FDC0B1BFD68E4008E36EC /* Debug */ = {
			isa = XCBuildConfiguration;
			buildSettings = {
				ASSETCATALOG_COMPILER_APPICON_NAME = AppIcon;
				CODE_SIGN_IDENTITY = "iPhone Developer";
				INFOPLIST_FILE = PictureFold/Info.plist;
				IPHONEOS_DEPLOYMENT_TARGET = 8.0;
				LD_RUNPATH_SEARCH_PATHS = "$(inherited) @executable_path/Frameworks";
				PRODUCT_BUNDLE_IDENTIFIER = com.ihefe.PictureFold;
				PRODUCT_NAME = "$(TARGET_NAME)";
			};
			name = Debug;
		};
		D86FDC0C1BFD68E4008E36EC /* Release */ = {
			isa = XCBuildConfiguration;
			buildSettings = {
				ASSETCATALOG_COMPILER_APPICON_NAME = AppIcon;
				CODE_SIGN_IDENTITY = "iPhone Developer";
				INFOPLIST_FILE = PictureFold/Info.plist;
				IPHONEOS_DEPLOYMENT_TARGET = 8.0;
				LD_RUNPATH_SEARCH_PATHS = "$(inherited) @executable_path/Frameworks";
				PRODUCT_BUNDLE_IDENTIFIER = com.ihefe.PictureFold;
				PRODUCT_NAME = "$(TARGET_NAME)";
			};
			name = Release;
		};
/* End XCBuildConfiguration section */

/* Begin XCConfigurationList section */
		D86FDBEE1BFD68E3008E36EC /* Build configuration list for PBXProject "PictureFold" */ = {
			isa = XCConfigurationList;
			buildConfigurations = (
				D86FDC081BFD68E4008E36EC /* Debug */,
				D86FDC091BFD68E4008E36EC /* Release */,
			);
			defaultConfigurationIsVisible = 0;
			defaultConfigurationName = Release;
		};
		D86FDC0A1BFD68E4008E36EC /* Build configuration list for PBXNativeTarget "PictureFold" */ = {
			isa = XCConfigurationList;
			buildConfigurations = (
				D86FDC0B1BFD68E4008E36EC /* Debug */,
				D86FDC0C1BFD68E4008E36EC /* Release */,
			);
			defaultConfigurationIsVisible = 0;
			defaultConfigurationName = Release;
		};
/* End XCConfigurationList section */
	};
	rootObject = D86FDBEB1BFD68E3008E36EC /* Project object */;
}
